
Microsoft Visual Studio Solution File, Format Version 12.00
# Visual Studio Version 17
VisualStudioVersion = 17.14.36705.20 d17.14
MinimumVisualStudioVersion = 10.0.40219.1
Project("{FAE04EC0-301F-11D3-BF4B-00C04F79EFBC}") = "DevOpsWinFormsDemo", "DevOpsWinFormsDemo.csproj", "{46A6AF09-8902-43A5-AAD7-AEB52FBE6A73}"
EndProject
Project("{FAE04EC0-301F-11D3-BF4B-00C04F79EFBC}") = "DevOpsWinFormsDemo.Tests", "..\DevOpsWinFormsDemo.Tests\DevOpsWinFormsDemo.Tests.csproj", "{1DF65866-2373-4898-89BF-E9507818E064}"
EndProject
Global
	GlobalSection(SolutionConfigurationPlatforms) = preSolution
		Debug|Any CPU = Debug|Any CPU
		Release|Any CPU = Release|Any CPU
	EndGlobalSection
	GlobalSection(ProjectConfigurationPlatforms) = postSolution
		{46A6AF09-8902-43A5-AAD7-AEB52FBE6A73}.Debug|Any CPU.ActiveCfg = Debug|Any CPU
		{46A6AF09-8902-43A5-AAD7-AEB52FBE6A73}.Debug|Any CPU.Build.0 = Debug|Any CPU
		{46A6AF09-8902-43A5-AAD7-AEB52FBE6A73}.Release|Any CPU.ActiveCfg = Release|Any CPU
		{46A6AF09-8902-43A5-AAD7-AEB52FBE6A73}.Release|Any CPU.Build.0 = Release|Any CPU
		{1DF65866-2373-4898-89BF-E9507818E064}.Debug|Any CPU.ActiveCfg = Debug|Any CPU
		{1DF65866-2373-4898-89BF-E9507818E064}.Debug|Any CPU.Build.0 = Debug|Any CPU
		{1DF65866-2373-4898-89BF-E9507818E064}.Release|Any CPU.ActiveCfg = Release|Any CPU
		{1DF65866-2373-4898-89BF-E9507818E064}.Release|Any CPU.Build.0 = Release|Any CPU
	EndGlobalSection
	GlobalSection(SolutionProperties) = preSolution
		HideSolutionNode = FALSE
	EndGlobalSection
	GlobalSection(ExtensibilityGlobals) = postSolution
		SolutionGuid = {4F481466-579F-4E83-841D-B349A93F8B8E}
	EndGlobalSection
EndGlobal
